{
  "name": "nuxt-sentry",
  "version": "1.0.0",
  "lockfileVersion": 1,
  "requires": true,
  "dependencies": {
    "@sentry/browser": {
      "version": "5.2.1",
      "resolved": "https://registry.npmjs.org/@sentry/browser/-/browser-5.2.1.tgz",
      "integrity": "sha512-fQTqBD4/WTW+ZnQULxjA5sn2yx3mj9OgXCYjdilISd94uRTlLOCtY+gvTAljuOkM5LlGwnBRAs7/bSI2zSaQEg==",
      "requires": {
        "@sentry/core": "5.2.0",
        "@sentry/types": "5.2.0",
        "@sentry/utils": "5.2.0",
        "tslib": "^1.9.3"
      }
    },
    "@sentry/core": {
      "version": "5.2.0",
      "resolved": "https://registry.npmjs.org/@sentry/core/-/core-5.2.0.tgz",
      "integrity": "sha512-s6rnJpJZMDIutcj2EIxyzJBjuYn3omVSjL2F8vOfw2oMZgTGJzQdz7a43iYokX/zFgzEDqz5zWGrhJ1wX/I8/w==",
      "requires": {
        "@sentry/hub": "5.2.0",
        "@sentry/minimal": "5.2.0",
        "@sentry/types": "5.2.0",
        "@sentry/utils": "5.2.0",
        "tslib": "^1.9.3"
      }
    },
    "@sentry/hub": {
      "version": "5.2.0",
      "resolved": "https://registry.npmjs.org/@sentry/hub/-/hub-5.2.0.tgz",
      "integrity": "sha512-vMHDHmhKWGMsPqQUaN6f+9p4XuGrLBTB30dV8ZFOXkVbQOSG20rjI9nMaSoDkELCmFFCIu9cL+mvuxLcA7TRug==",
      "requires": {
        "@sentry/types": "5.2.0",
        "@sentry/utils": "5.2.0",
        "tslib": "^1.9.3"
      }
    },
    "@sentry/integrations": {
      "version": "5.2.0",
      "resolved": "https://registry.npmjs.org/@sentry/integrations/-/integrations-5.2.0.tgz",
      "integrity": "sha512-wvGgOAGTcTbVY7DAHfnX3ZiBsfTtYriFCo6HlLM83UODXqnSb0GpYZSpZSBR/8x3gxI7zxj+BRAYSL3hTtSNJA==",
      "requires": {
        "@sentry/types": "5.2.0",
        "@sentry/utils": "5.2.0",
        "tslib": "^1.9.3"
      }
    },
    "@sentry/minimal": {
      "version": "5.2.0",
      "resolved": "https://registry.npmjs.org/@sentry/minimal/-/minimal-5.2.0.tgz",
      "integrity": "sha512-bMoT/+nctMSLo/qNOroTUILojIq/9FhGyW4tvTeHjDCYQorsg+FQqNLEpXo19IHi488Oy51qtBcBeldpxzN4bQ==",
      "requires": {
        "@sentry/hub": "5.2.0",
        "@sentry/types": "5.2.0",
        "tslib": "^1.9.3"
      }
    },
    "@sentry/types": {
      "version": "5.2.0",
      "resolved": "https://registry.npmjs.org/@sentry/types/-/types-5.2.0.tgz",
      "integrity": "sha512-QzMVYgONsScAiEGY5XRtSeMwH8464oRdaxCMTtXBuYfF9muvxHqQyF094GVRiconpgKelok5ke9HwrbNUEiE7w=="
    },
    "@sentry/utils": {
      "version": "5.2.0",
      "resolved": "https://registry.npmjs.org/@sentry/utils/-/utils-5.2.0.tgz",
      "integrity": "sha512-/0gWzWSot22P/Zkfz2lxXvuOiHAtM4uwkADlt1yN3mMPTaHD8feV9MTwjg+Z3KxKSZ005riJFncCO+PZQaydSQ==",
      "requires": {
        "@sentry/types": "5.2.0",
        "tslib": "^1.9.3"
      }
    },
    "tslib": {
      "version": "1.9.3",
      "resolved": "https://registry.npmjs.org/tslib/-/tslib-1.9.3.tgz",
      "integrity": "sha512-4krF8scpejhaOgqzBEcGM7yDIEfi0/8+8zDRZhNZZ2kjmHJ4hv3zCbQWxoJGz1iw5U0Jl0nma13xzHXcncMavQ=="
    }
  }
}
